
Microsoft Visual Studio Solution File, Format Version 12.00
# Visual Studio Version 16
VisualStudioVersion = 16.0.32413.511
MinimumVisualStudioVersion = 10.0.40219.1
Project("{FAE04EC0-301F-11D3-BF4B-00C04F79EFBC}") = "WinFormSnooker", "WinFormSnooker\WinFormSnooker.csproj", "{8024257E-DD59-4E79-A881-EC98BD602119}"
EndProject
Global
	GlobalSection(SolutionConfigurationPlatforms) = preSolution
		Debug|Any CPU = Debug|Any CPU
		Release|Any CPU = Release|Any CPU
	EndGlobalSection
	GlobalSection(ProjectConfigurationPlatforms) = postSolution
		{8024257E-DD59-4E79-A881-EC98BD602119}.Debug|Any CPU.ActiveCfg = Debug|Any CPU
		{8024257E-DD59-4E79-A881-EC98BD602119}.Debug|Any CPU.Build.0 = Debug|Any CPU
		{8024257E-DD59-4E79-A881-EC98BD602119}.Release|Any CPU.ActiveCfg = Release|Any CPU
		{8024257E-DD59-4E79-A881-EC98BD602119}.Release|Any CPU.Build.0 = Release|Any CPU
	EndGlobalSection
	GlobalSection(SolutionProperties) = preSolution
		HideSolutionNode = FALSE
	EndGlobalSection
	GlobalSection(ExtensibilityGlobals) = postSolution
		SolutionGuid = {4A76AAAE-7320-4D2C-B3E8-A3EA422946B3}
	EndGlobalSection
EndGlobal
